
Microsoft Visual Studio Solution File, Format Version 12.00
# Visual Studio Version 16
VisualStudioVersion = 16.0.29920.165
MinimumVisualStudioVersion = 10.0.40219.1
Project("{9A19103F-16F7-4668-BE54-9A1E7A4F7556}") = "Luminous", "Public Bot\Luminous.csproj", "{C0B3543F-33C1-4717-BF64-1A990A908910}"
EndProject
Project("{9A19103F-16F7-4668-BE54-9A1E7A4F7556}") = "Discord.Net.Core", "Discord.Net\src\Discord.Net.Core\Discord.Net.Core.csproj", "{42125FFF-15BB-4798-9F26-45D5D7297762}"
EndProject
Project("{9A19103F-16F7-4668-BE54-9A1E7A4F7556}") = "Discord.Net.Rest", "Discord.Net\src\Discord.Net.Rest\Discord.Net.Rest.csproj", "{8A987D74-3756-4F37-A8E3-CC6DB4C6DE9C}"
EndProject
Project("{9A19103F-16F7-4668-BE54-9A1E7A4F7556}") = "Discord.Net.WebSocket", "Discord.Net\src\Discord.Net.WebSocket\Discord.Net.WebSocket.csproj", "{B5E33391-51D9-4AD1-AA9A-8E142A10D474}"
EndProject
Global
	GlobalSection(SolutionConfigurationPlatforms) = preSolution
		Debug|Any CPU = Debug|Any CPU
		Release|Any CPU = Release|Any CPU
	EndGlobalSection
	GlobalSection(ProjectConfigurationPlatforms) = postSolution
		{C0B3543F-33C1-4717-BF64-1A990A908910}.Debug|Any CPU.ActiveCfg = Debug|Any CPU
		{C0B3543F-33C1-4717-BF64-1A990A908910}.Debug|Any CPU.Build.0 = Debug|Any CPU
		{C0B3543F-33C1-4717-BF64-1A990A908910}.Release|Any CPU.ActiveCfg = Release|Any CPU
		{C0B3543F-33C1-4717-BF64-1A990A908910}.Release|Any CPU.Build.0 = Release|Any CPU
		{42125FFF-15BB-4798-9F26-45D5D7297762}.Debug|Any CPU.ActiveCfg = Debug|Any CPU
		{42125FFF-15BB-4798-9F26-45D5D7297762}.Debug|Any CPU.Build.0 = Debug|Any CPU
		{42125FFF-15BB-4798-9F26-45D5D7297762}.Release|Any CPU.ActiveCfg = Release|Any CPU
		{42125FFF-15BB-4798-9F26-45D5D7297762}.Release|Any CPU.Build.0 = Release|Any CPU
		{8A987D74-3756-4F37-A8E3-CC6DB4C6DE9C}.Debug|Any CPU.ActiveCfg = Debug|Any CPU
		{8A987D74-3756-4F37-A8E3-CC6DB4C6DE9C}.Debug|Any CPU.Build.0 = Debug|Any CPU
		{8A987D74-3756-4F37-A8E3-CC6DB4C6DE9C}.Release|Any CPU.ActiveCfg = Release|Any CPU
		{8A987D74-3756-4F37-A8E3-CC6DB4C6DE9C}.Release|Any CPU.Build.0 = Release|Any CPU
		{B5E33391-51D9-4AD1-AA9A-8E142A10D474}.Debug|Any CPU.ActiveCfg = Debug|Any CPU
		{B5E33391-51D9-4AD1-AA9A-8E142A10D474}.Debug|Any CPU.Build.0 = Debug|Any CPU
		{B5E33391-51D9-4AD1-AA9A-8E142A10D474}.Release|Any CPU.ActiveCfg = Release|Any CPU
		{B5E33391-51D9-4AD1-AA9A-8E142A10D474}.Release|Any CPU.Build.0 = Release|Any CPU
	EndGlobalSection
	GlobalSection(SolutionProperties) = preSolution
		HideSolutionNode = FALSE
	EndGlobalSection
	GlobalSection(ExtensibilityGlobals) = postSolution
		SolutionGuid = {EC52B599-6B88-4265-890E-5F70CF1E2874}
	EndGlobalSection
EndGlobal
